# This lockfile is intentionally cleared to resolve Render's ERR_PNPM_LOCKFILE_CONFIG_MISMATCH.
# To regenerate, run locally:
#   pnpm install --no-frozen-lockfile
#   git add pnpm-lock.yaml
#   git commit -m "Regenerate pnpm-lock.yaml after removing overrides"

# DO NOT EDIT THIS FILE DIRECTLY — REGENERATE IT AFTER FIXING package.json